
Microsoft Visual Studio Solution File, Format Version 12.00
# Visual Studio Version 17
VisualStudioVersion = 17.11.35219.272
MinimumVisualStudioVersion = 10.0.40219.1
Project("{9A19103F-16F7-4668-BE54-9A1E7A4F7556}") = "BlackBoxIdentification", "BlackBoxIdentification.csproj", "{D796EE9A-A0B9-48A8-BFF3-4EB142E7EBD2}"
EndProject
Global
	GlobalSection(SolutionConfigurationPlatforms) = preSolution
		Debug|Any CPU = Debug|Any CPU
		Release|Any CPU = Release|Any CPU
	EndGlobalSection
	GlobalSection(ProjectConfigurationPlatforms) = postSolution
		{D796EE9A-A0B9-48A8-BFF3-4EB142E7EBD2}.Debug|Any CPU.ActiveCfg = Debug|Any CPU
		{D796EE9A-A0B9-48A8-BFF3-4EB142E7EBD2}.Debug|Any CPU.Build.0 = Debug|Any CPU
		{D796EE9A-A0B9-48A8-BFF3-4EB142E7EBD2}.Release|Any CPU.ActiveCfg = Release|Any CPU
		{D796EE9A-A0B9-48A8-BFF3-4EB142E7EBD2}.Release|Any CPU.Build.0 = Release|Any CPU
	EndGlobalSection
	GlobalSection(SolutionProperties) = preSolution
		HideSolutionNode = FALSE
	EndGlobalSection
	GlobalSection(ExtensibilityGlobals) = postSolution
		SolutionGuid = {87071DE5-4748-403D-86E7-54F932FED038}
	EndGlobalSection
EndGlobal
